
Microsoft Visual Studio Solution File, Format Version 12.00
# Visual Studio Version 17
VisualStudioVersion = 17.3.32819.101
MinimumVisualStudioVersion = 10.0.40219.1
Project("{888888A0-9F3D-457C-B088-3A5042F75D52}") = "ÜlesandedTingimuslikopetaaror IF", "ÜlesandedTingimuslikopetaaror IF.pyproj", "{FB8FB8D1-D8B1-4F14-83CB-A7BB6D47B37D}"
EndProject
Global
	GlobalSection(SolutionConfigurationPlatforms) = preSolution
		Debug|Any CPU = Debug|Any CPU
		Release|Any CPU = Release|Any CPU
	EndGlobalSection
	GlobalSection(ProjectConfigurationPlatforms) = postSolution
		{FB8FB8D1-D8B1-4F14-83CB-A7BB6D47B37D}.Debug|Any CPU.ActiveCfg = Debug|Any CPU
		{FB8FB8D1-D8B1-4F14-83CB-A7BB6D47B37D}.Release|Any CPU.ActiveCfg = Release|Any CPU
	EndGlobalSection
	GlobalSection(SolutionProperties) = preSolution
		HideSolutionNode = FALSE
	EndGlobalSection
	GlobalSection(ExtensibilityGlobals) = postSolution
		SolutionGuid = {839B544B-E0C3-4429-854B-A59090F7A7E8}
	EndGlobalSection
EndGlobal
